
Microsoft Visual Studio Solution File, Format Version 12.00
# Visual Studio 14
VisualStudioVersion = 14.0.25420.1
MinimumVisualStudioVersion = 10.0.40219.1
Project("{FAE04EC0-301F-11D3-BF4B-00C04F79EFBC}") = "TestingAssignment", "TestingAssignment\TestingAssignment.csproj", "{46A19E0F-D32E-46AD-953B-9BAE2603962C}"
EndProject
Project("{FAE04EC0-301F-11D3-BF4B-00C04F79EFBC}") = "TestingAssignmentTests", "TestingAssignmentTests\TestingAssignmentTests.csproj", "{F2A83415-B58D-4249-9814-E22BB54ADB77}"
EndProject
Project("{FAE04EC0-301F-11D3-BF4B-00C04F79EFBC}") = "TestingAssignmentFit", "TestingAssignmentFit\TestingAssignmentFit.csproj", "{6C5DC8A7-7847-4E6B-AA6A-B106A994AA4A}"
EndProject
Global
	GlobalSection(SolutionConfigurationPlatforms) = preSolution
		Debug|Any CPU = Debug|Any CPU
		Release|Any CPU = Release|Any CPU
	EndGlobalSection
	GlobalSection(ProjectConfigurationPlatforms) = postSolution
		{46A19E0F-D32E-46AD-953B-9BAE2603962C}.Debug|Any CPU.ActiveCfg = Debug|Any CPU
		{46A19E0F-D32E-46AD-953B-9BAE2603962C}.Debug|Any CPU.Build.0 = Debug|Any CPU
		{46A19E0F-D32E-46AD-953B-9BAE2603962C}.Release|Any CPU.ActiveCfg = Release|Any CPU
		{46A19E0F-D32E-46AD-953B-9BAE2603962C}.Release|Any CPU.Build.0 = Release|Any CPU
		{F2A83415-B58D-4249-9814-E22BB54ADB77}.Debug|Any CPU.ActiveCfg = Debug|Any CPU
		{F2A83415-B58D-4249-9814-E22BB54ADB77}.Debug|Any CPU.Build.0 = Debug|Any CPU
		{F2A83415-B58D-4249-9814-E22BB54ADB77}.Release|Any CPU.ActiveCfg = Release|Any CPU
		{F2A83415-B58D-4249-9814-E22BB54ADB77}.Release|Any CPU.Build.0 = Release|Any CPU
		{6C5DC8A7-7847-4E6B-AA6A-B106A994AA4A}.Debug|Any CPU.ActiveCfg = Debug|Any CPU
		{6C5DC8A7-7847-4E6B-AA6A-B106A994AA4A}.Debug|Any CPU.Build.0 = Debug|Any CPU
		{6C5DC8A7-7847-4E6B-AA6A-B106A994AA4A}.Release|Any CPU.ActiveCfg = Release|Any CPU
		{6C5DC8A7-7847-4E6B-AA6A-B106A994AA4A}.Release|Any CPU.Build.0 = Release|Any CPU
	EndGlobalSection
	GlobalSection(SolutionProperties) = preSolution
		HideSolutionNode = FALSE
	EndGlobalSection
EndGlobal
